
Microsoft Visual Studio Solution File, Format Version 12.00
# Visual Studio Version 17
VisualStudioVersion = 17.5.002.0
MinimumVisualStudioVersion = 10.0.40219.1
Project("{9A19103F-16F7-4668-BE54-9A1E7A4F7556}") = "BookTradingHub.Domain", "BookTradingHub.Domain.csproj", "{34484505-1D83-482C-AE04-179B4B861055}"
EndProject
Global
	GlobalSection(SolutionConfigurationPlatforms) = preSolution
		Debug|Any CPU = Debug|Any CPU
		Release|Any CPU = Release|Any CPU
	EndGlobalSection
	GlobalSection(ProjectConfigurationPlatforms) = postSolution
		{34484505-1D83-482C-AE04-179B4B861055}.Debug|Any CPU.ActiveCfg = Debug|Any CPU
		{34484505-1D83-482C-AE04-179B4B861055}.Debug|Any CPU.Build.0 = Debug|Any CPU
		{34484505-1D83-482C-AE04-179B4B861055}.Release|Any CPU.ActiveCfg = Release|Any CPU
		{34484505-1D83-482C-AE04-179B4B861055}.Release|Any CPU.Build.0 = Release|Any CPU
	EndGlobalSection
	GlobalSection(SolutionProperties) = preSolution
		HideSolutionNode = FALSE
	EndGlobalSection
	GlobalSection(ExtensibilityGlobals) = postSolution
		SolutionGuid = {98B0FFDB-9B64-4EB4-94F7-52507D700EA0}
	EndGlobalSection
EndGlobal
